
Microsoft Visual Studio Solution File, Format Version 12.00
# Visual Studio Version 16
VisualStudioVersion = 16.0.30621.155
MinimumVisualStudioVersion = 10.0.40219.1
Project("{FAE04EC0-301F-11D3-BF4B-00C04F79EFBC}") = "CameraCapture", "CameraCapture\CameraCapture.csproj", "{B00C7F52-46FD-4F12-971C-9D658D25A30F}"
EndProject
Global
	GlobalSection(SolutionConfigurationPlatforms) = preSolution
		Debug|Any CPU = Debug|Any CPU
		Release|Any CPU = Release|Any CPU
	EndGlobalSection
	GlobalSection(ProjectConfigurationPlatforms) = postSolution
		{B00C7F52-46FD-4F12-971C-9D658D25A30F}.Debug|Any CPU.ActiveCfg = Debug|Any CPU
		{B00C7F52-46FD-4F12-971C-9D658D25A30F}.Debug|Any CPU.Build.0 = Debug|Any CPU
		{B00C7F52-46FD-4F12-971C-9D658D25A30F}.Release|Any CPU.ActiveCfg = Release|Any CPU
		{B00C7F52-46FD-4F12-971C-9D658D25A30F}.Release|Any CPU.Build.0 = Release|Any CPU
	EndGlobalSection
	GlobalSection(SolutionProperties) = preSolution
		HideSolutionNode = FALSE
	EndGlobalSection
	GlobalSection(ExtensibilityGlobals) = postSolution
		SolutionGuid = {3470C6ED-7042-4F62-967B-E0E1F8D3AF4A}
	EndGlobalSection
EndGlobal
